---
ID: "04613b9c-9f6e-4792-84f1-9f47b36173f4"
Parent: "486437b1-8a1d-4184-bc07-5c394f7ea13c"
Template: "6d82fcd8-c379-443c-97a9-c6423c71e7d5"
Path: /sitecore/system/Modules/PowerShell/Script Library/SPE/Tools/Elevated Unlock
DB: master
SharedFields:
- ID: "06d5295c-ed2f-4a54-9bf2-26228d113318"
  Hint: __Icon
  Value: Office/32x32/jar_coffee_bean.png
- ID: "218ca464-cb77-4c97-b141-34871ecae00b"
  Hint: Enabled
  Type: Checkbox
  Value: 1
Languages:
- Language: en
  Versions:
  - Version: 1
    Fields:
    - ID: "25bed78c-4957-4165-998a-ca1b52f67497"
      Hint: __Created
      Value: 20180212T161742Z
