
Microsoft Visual Studio Solution File, Format Version 12.00
# Visual Studio 2013
VisualStudioVersion = 12.0.30501.0
MinimumVisualStudioVersion = 10.0.40219.1
Project("{FAE04EC0-301F-11D3-BF4B-00C04F79EFBC}") = "Cognifide.PowerShell", "Cognifide.PowerShell\Cognifide.PowerShell.csproj", "{FAC57610-989C-4D7E-8D58-CCC914688096}"
EndProject
Project("{FAE04EC0-301F-11D3-BF4B-00C04F79EFBC}") = "Cognifide.PowerShell.Sitecore8", "Cognifide.PowerShell.Sitecore8\Cognifide.PowerShell.Sitecore8.csproj", "{EA6039EE-CA90-44DE-BD64-CA5DCF101EF5}"
EndProject
Project("{FAE04EC0-301F-11D3-BF4B-00C04F79EFBC}") = "Cognifide.PowerShell.Sitecore7", "Cognifide.PowerShell.Sitecore7\Cognifide.PowerShell.Sitecore7.csproj", "{68AF3135-7687-423B-A767-F0AA479008EF}"
EndProject
Global
	GlobalSection(SolutionConfigurationPlatforms) = preSolution
		Debug|Any CPU = Debug|Any CPU
		Release|Any CPU = Release|Any CPU
	EndGlobalSection
	GlobalSection(ProjectConfigurationPlatforms) = postSolution
		{FAC57610-989C-4D7E-8D58-CCC914688096}.Debug|Any CPU.ActiveCfg = Debug|Any CPU
		{FAC57610-989C-4D7E-8D58-CCC914688096}.Debug|Any CPU.Build.0 = Debug|Any CPU
		{FAC57610-989C-4D7E-8D58-CCC914688096}.Release|Any CPU.ActiveCfg = Release|Any CPU
		{FAC57610-989C-4D7E-8D58-CCC914688096}.Release|Any CPU.Build.0 = Release|Any CPU
		{EA6039EE-CA90-44DE-BD64-CA5DCF101EF5}.Debug|Any CPU.ActiveCfg = Debug|Any CPU
		{EA6039EE-CA90-44DE-BD64-CA5DCF101EF5}.Debug|Any CPU.Build.0 = Debug|Any CPU
		{EA6039EE-CA90-44DE-BD64-CA5DCF101EF5}.Release|Any CPU.ActiveCfg = Release|Any CPU
		{EA6039EE-CA90-44DE-BD64-CA5DCF101EF5}.Release|Any CPU.Build.0 = Release|Any CPU
		{68AF3135-7687-423B-A767-F0AA479008EF}.Debug|Any CPU.ActiveCfg = Debug|Any CPU
		{68AF3135-7687-423B-A767-F0AA479008EF}.Debug|Any CPU.Build.0 = Debug|Any CPU
		{68AF3135-7687-423B-A767-F0AA479008EF}.Release|Any CPU.ActiveCfg = Release|Any CPU
		{68AF3135-7687-423B-A767-F0AA479008EF}.Release|Any CPU.Build.0 = Release|Any CPU
	EndGlobalSection
	GlobalSection(SolutionProperties) = preSolution
		HideSolutionNode = FALSE
	EndGlobalSection
EndGlobal
