---
ID: "cfe81af6-2468-4e62-8bf2-588b7cc60f80"
Parent: "4b015c25-27b7-4b84-8e4f-3c300e791250"
Template: "dd22f1b3-bd87-4db2-9e7d-f7a496888d43"
Path: /sitecore/system/Modules/PowerShell/Script Library/SPE/Tools/Security Management/Content Editor/Gutters/Elevated Unlock
DB: master
SharedFields:
- ID: "06d5295c-ed2f-4a54-9bf2-26228d113318"
  Hint: __Icon
  Value: Office/32x32/lock_open.png
- ID: "b1a94ff0-6897-47c0-9c51-aa6acb80b1f0"
  Hint: Script
  Value: |
    $item = Get-Item -Path .
    if(-not $item) {
        return
    }
    
    $tooltip = $PSScript.Appearance.ShortDescription
    if([string]::IsNullOrEmpty($tooltip)) {
        return
    }
    
    $icon = $PSScript.Appearance.Icon
     
    $gutter = New-Object Sitecore.Shell.Applications.ContentEditor.Gutters.GutterIconDescriptor
    $gutter.Icon = $icon
    $gutter.Tooltip = $tooltip
    
    $scriptId = "{BD07C7D1-700D-450C-B79B-8526C6643BF3}"
    $script = Get-Item -Path "master:" -ID $scriptId
    $command = "item:executescript(id=$($item.ID),db=$($item.Database.Name),script=$($script.ID),scriptDb=$($script.Database.Name))"
    $gutter.Click = $command
    $gutter
- ID: "f62c67b4-28b6-4a6f-91cb-db78cf054f4e"
  Hint: EnableRule
  Type: Rules
  Value: |
    <ruleset>
      <rule
        uid="{468B1714-AF4C-4F68-91CD-F8201CE8E618}"
        name="Only show when necessary - admin">
        <conditions>
          <and
            uid="FF0D461C49B540AAA8BB5DC637374AE1">
            <condition
              id="{33D5F360-CA8F-4193-AA5A-B52BEA2C84B4}"
              uid="E5D7B2E9E711456EA2B08C9CC068D667" />
            <and
              uid="00CCFB53626A421495141961F8DE0C18">
              <condition
                id="{84E910D4-B236-4570-9626-79FDB262E97A}"
                uid="B18ED0FE3848465CB07756E312E74ECD" />
              <condition
                id="{A4A453B8-F4D2-42DC-B66A-63857FDAF25A}"
                uid="E61838F5F59F4EA2BD7B2C14A9D7B88D"
                except="true" />
            </and>
          </and>
        </conditions>
      </rule>
      <rule
        uid="{58F071DB-6FEA-42A6-9B5E-B5AC82B6D428}"
        name="Only show when necessary - local admin">
        <conditions>
          <and
            uid="EE10640D1DB54B33826BC44240622C69">
            <condition
              id="{96C04ABA-A209-4BB5-AA37-73B5FDC7565E}"
              uid="1B06D11FC4444AA789261AEAA40CF832"
              value="sitecore\Sitecore Local Administrators" />
            <and
              uid="AC64DA9645B34B898FA181FBA4ACBD2C">
              <condition
                id="{84E910D4-B236-4570-9626-79FDB262E97A}"
                uid="3962A12D9F6A40F38BA853D4987924AB" />
              <and
                uid="3E160A0C391341558ECD784A252FDD1E">
                <condition
                  id="{A4A453B8-F4D2-42DC-B66A-63857FDAF25A}"
                  uid="75C025473B144BC9AED7C5C4B03AC270"
                  except="true" />
                <condition
                  id="{1C67B23F-EC82-459F-A7C2-DE419D4665A0}"
                  uid="FCEA3C7B9409481994B74C83A750E657" />
              </and>
            </and>
          </and>
        </conditions>
      </rule>
      <rule
        uid="{7D9EE195-66A4-430E-B949-7ADBEB175257}"
        name="Only show when necessary - delegated">
        <conditions>
          <and
            uid="E059D306C3AB41E9ADFDC1758B2D4A32">
            <condition
              id="{AAC2CC73-828C-4E42-9765-EA9E0B53390A}"
              uid="9EC0FFDDB469457FA613680B02AADA4E" />
            <and
              uid="94E2CBC4E7F54920816983940F039A00">
              <condition
                id="{84E910D4-B236-4570-9626-79FDB262E97A}"
                uid="F8C350ABD3ED43F5ADCBF436C955B9B2" />
              <and
                uid="FD3EA1EF531D4BA0BF09E2C68C4DFBF2">
                <condition
                  id="{A4A453B8-F4D2-42DC-B66A-63857FDAF25A}"
                  uid="A8217454D2504D7BB628DD73563E69C2"
                  except="true" />
                <condition
                  id="{1C67B23F-EC82-459F-A7C2-DE419D4665A0}"
                  uid="AA372DA58DBF489FA00F720579EFDBC0" />
              </and>
            </and>
          </and>
        </conditions>
      </rule>
    </ruleset>
Languages:
- Language: en
  Fields:
  - ID: "9541e67d-ce8c-4225-803d-33f7f29f09ef"
    Hint: __Short description
    Value: Use elevated privileges to unlock this item.
  Versions:
  - Version: 1
    Fields:
    - ID: "25bed78c-4957-4165-998a-ca1b52f67497"
      Hint: __Created
      Value: 20220928T170247Z
    - ID: "5dd74568-4d4b-44c1-b513-0af5f4cda34f"
      Hint: __Created by
      Value: |
        sitecore\Admin
    - ID: "8cdc337e-a112-42fb-bbb4-4143751e123f"
      Hint: __Revision
      Value: "a67437dc-b40e-4b6f-866d-45742dcec6df"
