---
ID: "af78e99f-d56d-4b87-9830-d8e03fb84b91"
Parent: "b31991a9-60d3-4efa-9b83-da10d878e5e3"
Template: "dd22f1b3-bd87-4db2-9e7d-f7a496888d43"
Path: /sitecore/system/Modules/PowerShell/Script Library/SPE/Tools/Security Management/Internal/List View/Ribbon/Item/Transfer Lock
DB: master
SharedFields:
- ID: "06d5295c-ed2f-4a54-9bf2-26228d113318"
  Hint: __Icon
  Value: Office/32x32/log_in.png
- ID: "1c76313e-3c8c-4807-a826-135d10c39299"
  Hint: ShowRule
  Type: Rules
  Value: |
    <ruleset>
      <rule
        uid="{267ADB4A-13D2-45D2-8BDB-4D374611BB64}">
        <conditions>
          <condition
            id="{1B499603-87C9-4440-969F-D9568CE1E926}"
            uid="7F1D0E4F2FC341AB9343E7BB7E0145EA"
            ValidViewName="LockedItems" />
        </conditions>
      </rule>
    </ruleset>
- ID: "b1a94ff0-6897-47c0-9c51-aa6acb80b1f0"
  Hint: Script
  Value: |
    $settings = @{
        Title = "Lock Transfer"
        Width = "450"
        Height = "250"
        OkButtonName = "Proceed"
        CancelButtonName = "Abort"
        Description = "Select the new lock owner."
        Parameters = @(
            @{ Name = "userNewLockOwner"; Title="New User"; Editor="user"; }
        )
        Icon = [regex]::Replace($PSScript.Appearance.Icon, "Office", "OfficeWhite", [System.Text.RegularExpressions.RegexOptions]::IgnoreCase)
    }
    
    $result = Read-Variable @settings
    if($result -ne "ok") {
        Exit
    }
    
    $userNewLockOwner = $userNewLockOwner[0]
    
    foreach($selectedItem in $selectedData) {
        $item = Get-Item -Path "master:" -ID $selectedItem.ID
        $userLockOwner = $item.Locking.GetOwner()
        $item."__Lock" = $item."__Lock".Replace("$userLockOwner","$userNewLockOwner")
    
        $allData.Remove($selectedItem)
    }
    
    $allData | Update-ListView
Languages:
- Language: da
  Fields:
  - ID: "9541e67d-ce8c-4225-803d-33f7f29f09ef"
    Hint: __Short description
    Value: Overfør det låste element fra en bruger til en anden.
  - ID: "b5e02ad9-d56f-4c41-a065-a133db87bdeb"
    Hint: __Display name
    Value: Overfør låse
  Versions:
  - Version: 1
    Fields:
    - ID: "25bed78c-4957-4165-998a-ca1b52f67497"
      Hint: __Created
      Value: 20190718T152342Z
    - ID: "5dd74568-4d4b-44c1-b513-0af5f4cda34f"
      Hint: __Created by
      Value: |
        sitecore\Admin
- Language: en
  Fields:
  - ID: "9541e67d-ce8c-4225-803d-33f7f29f09ef"
    Hint: __Short description
    Value: Transfer the locked item from one user to another.
  - ID: "b5e02ad9-d56f-4c41-a065-a133db87bdeb"
    Hint: __Display name
    Value: Transfer Lock
  Versions:
  - Version: 1
    Fields:
    - ID: "25bed78c-4957-4165-998a-ca1b52f67497"
      Hint: __Created
      Value: 20180517T212415Z
    - ID: "5dd74568-4d4b-44c1-b513-0af5f4cda34f"
      Hint: __Created by
      Value: |
        sitecore\Admin
