---
ID: "9ab5103c-c40f-4a44-a35e-fa92edee9391"
Parent: "150d9f3e-1782-4439-a0dc-532426428bc5"
Template: "bc29cc43-fc82-4a6c-b325-fb261da5931b"
Path: /sitecore/system/Modules/PowerShell/Script Library/SPE/Extensions/Authorable Reports/Reports/Rules/Any item under Content is locked
DB: master
SharedFields:
- ID: "072645b6-c332-446f-9f2c-255467af5bc9"
  Hint: RootItem
  Value: 
- ID: "37d9ed28-c31b-4686-8564-a0f181721640"
  Hint: FilterRule
  Type: Rules
  Value: |
    <ruleset>
      <rule
        uid="{4DAE272F-26C1-44B0-AAC7-CE858608FE4A}"
        name="Locked items">
        <conditions>
          <condition
            id="{84E910D4-B236-4570-9626-79FDB262E97A}"
            uid="B620C6DCA5DE4F56A473ADFDF288B3E3" />
        </conditions>
      </rule>
    </ruleset>
- ID: "52c8f3b7-3110-41d1-abca-979ed691135c"
  Hint: DefaultFields
  Value: DisplayName|ItemPath|TemplateName|Version|ID
- ID: "743b8c3c-ba19-4e24-b324-c01dcd20f465"
  Hint: Query
  Value: "location:{0DE95AE4-41AB-4D01-9EB0-67441B7C2450};custom:_latestversion|1"
Languages:
- Language: da
  Fields:
  - ID: "b5e02ad9-d56f-4c41-a065-a133db87bdeb"
    Hint: __Display name
    Value: ** Any item under Content is locked **
  Versions:
  - Version: 1
    Fields:
    - ID: "25bed78c-4957-4165-998a-ca1b52f67497"
      Hint: __Created
      Value: 20190718T202240Z
    - ID: "5dd74568-4d4b-44c1-b513-0af5f4cda34f"
      Hint: __Created by
      Value: |
        sitecore\Admin
    - ID: "8cdc337e-a112-42fb-bbb4-4143751e123f"
      Hint: __Revision
      Value: "22e9edee-ace5-4ed6-a565-74cd9aa51c8a"
- Language: en
  Fields:
  - ID: "b5e02ad9-d56f-4c41-a065-a133db87bdeb"
    Hint: __Display name
    Value: Any item under Content is locked
  Versions:
  - Version: 1
    Fields:
    - ID: "25bed78c-4957-4165-998a-ca1b52f67497"
      Hint: __Created
      Value: 20160704T062928
    - ID: "5dd74568-4d4b-44c1-b513-0af5f4cda34f"
      Hint: __Created by
      Value: |
        sitecore\admin
    - ID: "8cdc337e-a112-42fb-bbb4-4143751e123f"
      Hint: __Revision
      Value: "775404f8-b582-40f3-966a-54d618014d49"
